
Microsoft Visual Studio Solution File, Format Version 12.00
# Visual Studio Version 17
VisualStudioVersion = 17.8.34408.163
MinimumVisualStudioVersion = 10.0.40219.1
Project("{FAE04EC0-301F-11D3-BF4B-00C04F79EFBC}") = "ListCreate", "ListCreate\ListCreate.csproj", "{D3B515D4-F258-46F1-8701-F7A3E1B65E69}"
EndProject
Global
	GlobalSection(SolutionConfigurationPlatforms) = preSolution
		Debug|Any CPU = Debug|Any CPU
		Release|Any CPU = Release|Any CPU
	EndGlobalSection
	GlobalSection(ProjectConfigurationPlatforms) = postSolution
		{D3B515D4-F258-46F1-8701-F7A3E1B65E69}.Debug|Any CPU.ActiveCfg = Debug|Any CPU
		{D3B515D4-F258-46F1-8701-F7A3E1B65E69}.Debug|Any CPU.Build.0 = Debug|Any CPU
		{D3B515D4-F258-46F1-8701-F7A3E1B65E69}.Release|Any CPU.ActiveCfg = Release|Any CPU
		{D3B515D4-F258-46F1-8701-F7A3E1B65E69}.Release|Any CPU.Build.0 = Release|Any CPU
	EndGlobalSection
	GlobalSection(SolutionProperties) = preSolution
		HideSolutionNode = FALSE
	EndGlobalSection
	GlobalSection(ExtensibilityGlobals) = postSolution
		SolutionGuid = {9A82623B-4027-4C0D-9A6A-8AB787EF07A6}
	EndGlobalSection
EndGlobal
